
Microsoft Visual Studio Solution File, Format Version 12.00
# Visual Studio Version 17
VisualStudioVersion = 17.5.33326.253
MinimumVisualStudioVersion = 10.0.40219.1
Project("{9A19103F-16F7-4668-BE54-9A1E7A4F7556}") = "Entity", "Entity\Entity.csproj", "{CF84D411-2D35-4DF0-9452-8BEE3D63A624}"
EndProject
Project("{9A19103F-16F7-4668-BE54-9A1E7A4F7556}") = "DataAccess", "DataAccess\DataAccess.csproj", "{33B12E22-B29C-4C3E-8854-60DC66ABA25C}"
EndProject
Project("{9A19103F-16F7-4668-BE54-9A1E7A4F7556}") = "Business", "Business\Business.csproj", "{1D3A4378-868D-44F4-B144-D3B08931E942}"
EndProject
Project("{FAE04EC0-301F-11D3-BF4B-00C04F79EFBC}") = "BlogWeb", "BlogWeb\BlogWeb.csproj", "{671CF843-3065-4451-980E-55C551C22CE2}"
EndProject
Project("{FAE04EC0-301F-11D3-BF4B-00C04F79EFBC}") = "BlogApi", "BlogApi\BlogApi.csproj", "{E03CFB65-B23D-4404-99F8-B4F3920B231A}"
EndProject
Project("{FAE04EC0-301F-11D3-BF4B-00C04F79EFBC}") = "Jwt_Yunus_Blog_Api", "Jwt_Yunus_Blog_Api\Jwt_Yunus_Blog_Api.csproj", "{25603BA5-6E9E-4679-A290-507731A8B185}"
EndProject
Global
	GlobalSection(SolutionConfigurationPlatforms) = preSolution
		Debug|Any CPU = Debug|Any CPU
		Release|Any CPU = Release|Any CPU
	EndGlobalSection
	GlobalSection(ProjectConfigurationPlatforms) = postSolution
		{CF84D411-2D35-4DF0-9452-8BEE3D63A624}.Debug|Any CPU.ActiveCfg = Debug|Any CPU
		{CF84D411-2D35-4DF0-9452-8BEE3D63A624}.Debug|Any CPU.Build.0 = Debug|Any CPU
		{CF84D411-2D35-4DF0-9452-8BEE3D63A624}.Release|Any CPU.ActiveCfg = Release|Any CPU
		{CF84D411-2D35-4DF0-9452-8BEE3D63A624}.Release|Any CPU.Build.0 = Release|Any CPU
		{33B12E22-B29C-4C3E-8854-60DC66ABA25C}.Debug|Any CPU.ActiveCfg = Debug|Any CPU
		{33B12E22-B29C-4C3E-8854-60DC66ABA25C}.Debug|Any CPU.Build.0 = Debug|Any CPU
		{33B12E22-B29C-4C3E-8854-60DC66ABA25C}.Release|Any CPU.ActiveCfg = Release|Any CPU
		{33B12E22-B29C-4C3E-8854-60DC66ABA25C}.Release|Any CPU.Build.0 = Release|Any CPU
		{1D3A4378-868D-44F4-B144-D3B08931E942}.Debug|Any CPU.ActiveCfg = Debug|Any CPU
		{1D3A4378-868D-44F4-B144-D3B08931E942}.Debug|Any CPU.Build.0 = Debug|Any CPU
		{1D3A4378-868D-44F4-B144-D3B08931E942}.Release|Any CPU.ActiveCfg = Release|Any CPU
		{1D3A4378-868D-44F4-B144-D3B08931E942}.Release|Any CPU.Build.0 = Release|Any CPU
		{671CF843-3065-4451-980E-55C551C22CE2}.Debug|Any CPU.ActiveCfg = Debug|Any CPU
		{671CF843-3065-4451-980E-55C551C22CE2}.Debug|Any CPU.Build.0 = Debug|Any CPU
		{671CF843-3065-4451-980E-55C551C22CE2}.Release|Any CPU.ActiveCfg = Release|Any CPU
		{671CF843-3065-4451-980E-55C551C22CE2}.Release|Any CPU.Build.0 = Release|Any CPU
		{E03CFB65-B23D-4404-99F8-B4F3920B231A}.Debug|Any CPU.ActiveCfg = Debug|Any CPU
		{E03CFB65-B23D-4404-99F8-B4F3920B231A}.Debug|Any CPU.Build.0 = Debug|Any CPU
		{E03CFB65-B23D-4404-99F8-B4F3920B231A}.Release|Any CPU.ActiveCfg = Release|Any CPU
		{E03CFB65-B23D-4404-99F8-B4F3920B231A}.Release|Any CPU.Build.0 = Release|Any CPU
		{25603BA5-6E9E-4679-A290-507731A8B185}.Debug|Any CPU.ActiveCfg = Debug|Any CPU
		{25603BA5-6E9E-4679-A290-507731A8B185}.Debug|Any CPU.Build.0 = Debug|Any CPU
		{25603BA5-6E9E-4679-A290-507731A8B185}.Release|Any CPU.ActiveCfg = Release|Any CPU
		{25603BA5-6E9E-4679-A290-507731A8B185}.Release|Any CPU.Build.0 = Release|Any CPU
	EndGlobalSection
	GlobalSection(SolutionProperties) = preSolution
		HideSolutionNode = FALSE
	EndGlobalSection
EndGlobal
